
Microsoft Visual Studio Solution File, Format Version 12.00
# Visual Studio Version 17
VisualStudioVersion = 17.2.32616.157
MinimumVisualStudioVersion = 10.0.40219.1
Project("{FAE04EC0-301F-11D3-BF4B-00C04F79EFBC}") = "proHatchApp", "proHatchApp\proHatchApp.csproj", "{2E902392-C6D2-49AC-B46C-C0019FB557F3}"
EndProject
Project("{9A19103F-16F7-4668-BE54-9A1E7A4F7556}") = "SensorService", "SensorService\SensorService.csproj", "{3E2FF07F-E7F4-4FBD-9D06-AE2DBBF5F541}"
EndProject
Global
	GlobalSection(SolutionConfigurationPlatforms) = preSolution
		Debug|Any CPU = Debug|Any CPU
		Debug|ARM = Debug|ARM
		Debug|ARM64 = Debug|ARM64
		Debug|x64 = Debug|x64
		Debug|x86 = Debug|x86
		Release|Any CPU = Release|Any CPU
		Release|ARM = Release|ARM
		Release|ARM64 = Release|ARM64
		Release|x64 = Release|x64
		Release|x86 = Release|x86
	EndGlobalSection
	GlobalSection(ProjectConfigurationPlatforms) = postSolution
		{2E902392-C6D2-49AC-B46C-C0019FB557F3}.Debug|Any CPU.ActiveCfg = Debug|x64
		{2E902392-C6D2-49AC-B46C-C0019FB557F3}.Debug|Any CPU.Build.0 = Debug|x64
		{2E902392-C6D2-49AC-B46C-C0019FB557F3}.Debug|Any CPU.Deploy.0 = Debug|x64
		{2E902392-C6D2-49AC-B46C-C0019FB557F3}.Debug|ARM.ActiveCfg = Debug|ARM
		{2E902392-C6D2-49AC-B46C-C0019FB557F3}.Debug|ARM.Build.0 = Debug|ARM
		{2E902392-C6D2-49AC-B46C-C0019FB557F3}.Debug|ARM.Deploy.0 = Debug|ARM
		{2E902392-C6D2-49AC-B46C-C0019FB557F3}.Debug|ARM64.ActiveCfg = Debug|ARM64
		{2E902392-C6D2-49AC-B46C-C0019FB557F3}.Debug|ARM64.Build.0 = Debug|ARM64
		{2E902392-C6D2-49AC-B46C-C0019FB557F3}.Debug|ARM64.Deploy.0 = Debug|ARM64
		{2E902392-C6D2-49AC-B46C-C0019FB557F3}.Debug|x64.ActiveCfg = Debug|x64
		{2E902392-C6D2-49AC-B46C-C0019FB557F3}.Debug|x64.Build.0 = Debug|x64
		{2E902392-C6D2-49AC-B46C-C0019FB557F3}.Debug|x64.Deploy.0 = Debug|x64
		{2E902392-C6D2-49AC-B46C-C0019FB557F3}.Debug|x86.ActiveCfg = Debug|x86
		{2E902392-C6D2-49AC-B46C-C0019FB557F3}.Debug|x86.Build.0 = Debug|x86
		{2E902392-C6D2-49AC-B46C-C0019FB557F3}.Debug|x86.Deploy.0 = Debug|x86
		{2E902392-C6D2-49AC-B46C-C0019FB557F3}.Release|Any CPU.ActiveCfg = Release|x64
		{2E902392-C6D2-49AC-B46C-C0019FB557F3}.Release|Any CPU.Build.0 = Release|x64
		{2E902392-C6D2-49AC-B46C-C0019FB557F3}.Release|Any CPU.Deploy.0 = Release|x64
		{2E902392-C6D2-49AC-B46C-C0019FB557F3}.Release|ARM.ActiveCfg = Release|ARM
		{2E902392-C6D2-49AC-B46C-C0019FB557F3}.Release|ARM.Build.0 = Release|ARM
		{2E902392-C6D2-49AC-B46C-C0019FB557F3}.Release|ARM.Deploy.0 = Release|ARM
		{2E902392-C6D2-49AC-B46C-C0019FB557F3}.Release|ARM64.ActiveCfg = Release|ARM64
		{2E902392-C6D2-49AC-B46C-C0019FB557F3}.Release|ARM64.Build.0 = Release|ARM64
		{2E902392-C6D2-49AC-B46C-C0019FB557F3}.Release|ARM64.Deploy.0 = Release|ARM64
		{2E902392-C6D2-49AC-B46C-C0019FB557F3}.Release|x64.ActiveCfg = Release|x64
		{2E902392-C6D2-49AC-B46C-C0019FB557F3}.Release|x64.Build.0 = Release|x64
		{2E902392-C6D2-49AC-B46C-C0019FB557F3}.Release|x64.Deploy.0 = Release|x64
		{2E902392-C6D2-49AC-B46C-C0019FB557F3}.Release|x86.ActiveCfg = Release|x86
		{2E902392-C6D2-49AC-B46C-C0019FB557F3}.Release|x86.Build.0 = Release|x86
		{2E902392-C6D2-49AC-B46C-C0019FB557F3}.Release|x86.Deploy.0 = Release|x86
		{3E2FF07F-E7F4-4FBD-9D06-AE2DBBF5F541}.Debug|Any CPU.ActiveCfg = Debug|Any CPU
		{3E2FF07F-E7F4-4FBD-9D06-AE2DBBF5F541}.Debug|Any CPU.Build.0 = Debug|Any CPU
		{3E2FF07F-E7F4-4FBD-9D06-AE2DBBF5F541}.Debug|ARM.ActiveCfg = Debug|Any CPU
		{3E2FF07F-E7F4-4FBD-9D06-AE2DBBF5F541}.Debug|ARM.Build.0 = Debug|Any CPU
		{3E2FF07F-E7F4-4FBD-9D06-AE2DBBF5F541}.Debug|ARM64.ActiveCfg = Debug|Any CPU
		{3E2FF07F-E7F4-4FBD-9D06-AE2DBBF5F541}.Debug|ARM64.Build.0 = Debug|Any CPU
		{3E2FF07F-E7F4-4FBD-9D06-AE2DBBF5F541}.Debug|x64.ActiveCfg = Debug|Any CPU
		{3E2FF07F-E7F4-4FBD-9D06-AE2DBBF5F541}.Debug|x64.Build.0 = Debug|Any CPU
		{3E2FF07F-E7F4-4FBD-9D06-AE2DBBF5F541}.Debug|x86.ActiveCfg = Debug|Any CPU
		{3E2FF07F-E7F4-4FBD-9D06-AE2DBBF5F541}.Debug|x86.Build.0 = Debug|Any CPU
		{3E2FF07F-E7F4-4FBD-9D06-AE2DBBF5F541}.Release|Any CPU.ActiveCfg = Release|Any CPU
		{3E2FF07F-E7F4-4FBD-9D06-AE2DBBF5F541}.Release|Any CPU.Build.0 = Release|Any CPU
		{3E2FF07F-E7F4-4FBD-9D06-AE2DBBF5F541}.Release|ARM.ActiveCfg = Release|Any CPU
		{3E2FF07F-E7F4-4FBD-9D06-AE2DBBF5F541}.Release|ARM.Build.0 = Release|Any CPU
		{3E2FF07F-E7F4-4FBD-9D06-AE2DBBF5F541}.Release|ARM64.ActiveCfg = Release|Any CPU
		{3E2FF07F-E7F4-4FBD-9D06-AE2DBBF5F541}.Release|ARM64.Build.0 = Release|Any CPU
		{3E2FF07F-E7F4-4FBD-9D06-AE2DBBF5F541}.Release|x64.ActiveCfg = Release|Any CPU
		{3E2FF07F-E7F4-4FBD-9D06-AE2DBBF5F541}.Release|x64.Build.0 = Release|Any CPU
		{3E2FF07F-E7F4-4FBD-9D06-AE2DBBF5F541}.Release|x86.ActiveCfg = Release|Any CPU
		{3E2FF07F-E7F4-4FBD-9D06-AE2DBBF5F541}.Release|x86.Build.0 = Release|Any CPU
	EndGlobalSection
	GlobalSection(SolutionProperties) = preSolution
		HideSolutionNode = FALSE
	EndGlobalSection
	GlobalSection(ExtensibilityGlobals) = postSolution
		SolutionGuid = {76F0731F-2701-49BC-8AB3-6A019355AD41}
	EndGlobalSection
EndGlobal
